
Microsoft Visual Studio Solution File, Format Version 12.00
# Visual Studio Version 16
VisualStudioVersion = 16.0.30804.86
MinimumVisualStudioVersion = 10.0.40219.1
Project("{FAE04EC0-301F-11D3-BF4B-00C04F79EFBC}") = "Arrays", "Arrays.csproj", "{16010856-5129-47BB-BDF3-579B2CFBBC3B}"
EndProject
Global
	GlobalSection(SolutionConfigurationPlatforms) = preSolution
		Debug|Any CPU = Debug|Any CPU
		Release|Any CPU = Release|Any CPU
	EndGlobalSection
	GlobalSection(ProjectConfigurationPlatforms) = postSolution
		{16010856-5129-47BB-BDF3-579B2CFBBC3B}.Debug|Any CPU.ActiveCfg = Debug|Any CPU
		{16010856-5129-47BB-BDF3-579B2CFBBC3B}.Debug|Any CPU.Build.0 = Debug|Any CPU
		{16010856-5129-47BB-BDF3-579B2CFBBC3B}.Release|Any CPU.ActiveCfg = Release|Any CPU
		{16010856-5129-47BB-BDF3-579B2CFBBC3B}.Release|Any CPU.Build.0 = Release|Any CPU
	EndGlobalSection
	GlobalSection(SolutionProperties) = preSolution
		HideSolutionNode = FALSE
	EndGlobalSection
	GlobalSection(ExtensibilityGlobals) = postSolution
		SolutionGuid = {A419F737-087D-4E18-A5BB-F5644CCB68BA}
	EndGlobalSection
EndGlobal
